
Microsoft Visual Studio Solution File, Format Version 12.00
# Visual Studio 15
VisualStudioVersion = 15.0.27428.2002
MinimumVisualStudioVersion = 10.0.40219.1
Project("{FAE04EC0-301F-11D3-BF4B-00C04F79EFBC}") = "Remover.WinApp", "Remover.WinApp\Remover.WinApp.csproj", "{1ADFD94C-049A-42B4-BE4A-0E8D6C21879D}"
EndProject
Project("{FAE04EC0-301F-11D3-BF4B-00C04F79EFBC}") = "Remover.DataAccess", "Remover.DataAccess\Remover.DataAccess.csproj", "{850A3134-73D0-457F-9C98-BFC258B9AD52}"
EndProject
Project("{FAE04EC0-301F-11D3-BF4B-00C04F79EFBC}") = "Remover.Entities", "Remover.Entities\Remover.Entities.csproj", "{137E1157-BE75-435B-87C6-B0593DB1561C}"
EndProject
Project("{FAE04EC0-301F-11D3-BF4B-00C04F79EFBC}") = "Remover.Facade", "Remover.Facade\Remover.Facade.csproj", "{79BC171F-3A4D-491B-B318-EF50B403A373}"
EndProject
Project("{FAE04EC0-301F-11D3-BF4B-00C04F79EFBC}") = "Remover.WebApp", "Remover.WebApp\Remover.WebApp.csproj", "{F6C66BEA-F4A7-40C3-A85A-C51F660ED07C}"
	ProjectSection(ProjectDependencies) = postProject
		{79BC171F-3A4D-491B-B318-EF50B403A373} = {79BC171F-3A4D-491B-B318-EF50B403A373}
		{850A3134-73D0-457F-9C98-BFC258B9AD52} = {850A3134-73D0-457F-9C98-BFC258B9AD52}
		{137E1157-BE75-435B-87C6-B0593DB1561C} = {137E1157-BE75-435B-87C6-B0593DB1561C}
	EndProjectSection
EndProject
Global
	GlobalSection(SolutionConfigurationPlatforms) = preSolution
		Debug|Any CPU = Debug|Any CPU
		Release|Any CPU = Release|Any CPU
	EndGlobalSection
	GlobalSection(ProjectConfigurationPlatforms) = postSolution
		{1ADFD94C-049A-42B4-BE4A-0E8D6C21879D}.Debug|Any CPU.ActiveCfg = Debug|Any CPU
		{1ADFD94C-049A-42B4-BE4A-0E8D6C21879D}.Debug|Any CPU.Build.0 = Debug|Any CPU
		{1ADFD94C-049A-42B4-BE4A-0E8D6C21879D}.Release|Any CPU.ActiveCfg = Release|Any CPU
		{1ADFD94C-049A-42B4-BE4A-0E8D6C21879D}.Release|Any CPU.Build.0 = Release|Any CPU
		{850A3134-73D0-457F-9C98-BFC258B9AD52}.Debug|Any CPU.ActiveCfg = Debug|Any CPU
		{850A3134-73D0-457F-9C98-BFC258B9AD52}.Debug|Any CPU.Build.0 = Debug|Any CPU
		{850A3134-73D0-457F-9C98-BFC258B9AD52}.Release|Any CPU.ActiveCfg = Release|Any CPU
		{850A3134-73D0-457F-9C98-BFC258B9AD52}.Release|Any CPU.Build.0 = Release|Any CPU
		{137E1157-BE75-435B-87C6-B0593DB1561C}.Debug|Any CPU.ActiveCfg = Debug|Any CPU
		{137E1157-BE75-435B-87C6-B0593DB1561C}.Debug|Any CPU.Build.0 = Debug|Any CPU
		{137E1157-BE75-435B-87C6-B0593DB1561C}.Release|Any CPU.ActiveCfg = Release|Any CPU
		{137E1157-BE75-435B-87C6-B0593DB1561C}.Release|Any CPU.Build.0 = Release|Any CPU
		{79BC171F-3A4D-491B-B318-EF50B403A373}.Debug|Any CPU.ActiveCfg = Debug|Any CPU
		{79BC171F-3A4D-491B-B318-EF50B403A373}.Debug|Any CPU.Build.0 = Debug|Any CPU
		{79BC171F-3A4D-491B-B318-EF50B403A373}.Release|Any CPU.ActiveCfg = Release|Any CPU
		{79BC171F-3A4D-491B-B318-EF50B403A373}.Release|Any CPU.Build.0 = Release|Any CPU
		{F6C66BEA-F4A7-40C3-A85A-C51F660ED07C}.Debug|Any CPU.ActiveCfg = Debug|Any CPU
		{F6C66BEA-F4A7-40C3-A85A-C51F660ED07C}.Debug|Any CPU.Build.0 = Debug|Any CPU
		{F6C66BEA-F4A7-40C3-A85A-C51F660ED07C}.Release|Any CPU.ActiveCfg = Release|Any CPU
		{F6C66BEA-F4A7-40C3-A85A-C51F660ED07C}.Release|Any CPU.Build.0 = Release|Any CPU
	EndGlobalSection
	GlobalSection(SolutionProperties) = preSolution
		HideSolutionNode = FALSE
	EndGlobalSection
	GlobalSection(ExtensibilityGlobals) = postSolution
		SolutionGuid = {120CB886-B68A-4860-A739-6A9FBDE8796F}
	EndGlobalSection
EndGlobal
